
Microsoft Visual Studio Solution File, Format Version 12.00
# Visual Studio Version 16
VisualStudioVersion = 16.0.30011.22
MinimumVisualStudioVersion = 10.0.40219.1
Project("{9A19103F-16F7-4668-BE54-9A1E7A4F7556}") = "WeatherAPIChallenge", "WeatherAPIChallenge\WeatherAPIChallenge.csproj", "{9BC1E46A-F483-4633-903F-A5F918ED6446}"
EndProject
Project("{FAE04EC0-301F-11D3-BF4B-00C04F79EFBC}") = "WeatherAPIChallenge.Tests", "WeatherAPIChallenge.Tests\WeatherAPIChallenge.Tests.csproj", "{1DD1189E-9D02-4BE0-830B-777AA25858CD}"
EndProject
Global
	GlobalSection(SolutionConfigurationPlatforms) = preSolution
		Debug|Any CPU = Debug|Any CPU
		Release|Any CPU = Release|Any CPU
	EndGlobalSection
	GlobalSection(ProjectConfigurationPlatforms) = postSolution
		{9BC1E46A-F483-4633-903F-A5F918ED6446}.Debug|Any CPU.ActiveCfg = Debug|Any CPU
		{9BC1E46A-F483-4633-903F-A5F918ED6446}.Debug|Any CPU.Build.0 = Debug|Any CPU
		{9BC1E46A-F483-4633-903F-A5F918ED6446}.Release|Any CPU.ActiveCfg = Release|Any CPU
		{9BC1E46A-F483-4633-903F-A5F918ED6446}.Release|Any CPU.Build.0 = Release|Any CPU
		{1DD1189E-9D02-4BE0-830B-777AA25858CD}.Debug|Any CPU.ActiveCfg = Debug|Any CPU
		{1DD1189E-9D02-4BE0-830B-777AA25858CD}.Debug|Any CPU.Build.0 = Debug|Any CPU
		{1DD1189E-9D02-4BE0-830B-777AA25858CD}.Release|Any CPU.ActiveCfg = Release|Any CPU
		{1DD1189E-9D02-4BE0-830B-777AA25858CD}.Release|Any CPU.Build.0 = Release|Any CPU
	EndGlobalSection
	GlobalSection(SolutionProperties) = preSolution
		HideSolutionNode = FALSE
	EndGlobalSection
	GlobalSection(ExtensibilityGlobals) = postSolution
		SolutionGuid = {3919B497-3A1A-4323-A6BB-C05FA365E7CA}
	EndGlobalSection
EndGlobal
